
Microsoft Visual Studio Solution File, Format Version 12.00
# Visual Studio Version 17
VisualStudioVersion = 17.8.34511.84
MinimumVisualStudioVersion = 10.0.40219.1
Project("{FAE04EC0-301F-11D3-BF4B-00C04F79EFBC}") = "Melange Recipe", "Melange Recipe\Melange Recipe.csproj", "{2AD10A26-F03B-4CDD-A733-6889CD2196C4}"
EndProject
Global
	GlobalSection(SolutionConfigurationPlatforms) = preSolution
		Debug|Any CPU = Debug|Any CPU
		Release|Any CPU = Release|Any CPU
	EndGlobalSection
	GlobalSection(ProjectConfigurationPlatforms) = postSolution
		{2AD10A26-F03B-4CDD-A733-6889CD2196C4}.Debug|Any CPU.ActiveCfg = Debug|Any CPU
		{2AD10A26-F03B-4CDD-A733-6889CD2196C4}.Debug|Any CPU.Build.0 = Debug|Any CPU
		{2AD10A26-F03B-4CDD-A733-6889CD2196C4}.Debug|Any CPU.Deploy.0 = Debug|Any CPU
		{2AD10A26-F03B-4CDD-A733-6889CD2196C4}.Release|Any CPU.ActiveCfg = Release|Any CPU
		{2AD10A26-F03B-4CDD-A733-6889CD2196C4}.Release|Any CPU.Build.0 = Release|Any CPU
		{2AD10A26-F03B-4CDD-A733-6889CD2196C4}.Release|Any CPU.Deploy.0 = Release|Any CPU
	EndGlobalSection
	GlobalSection(SolutionProperties) = preSolution
		HideSolutionNode = FALSE
	EndGlobalSection
	GlobalSection(ExtensibilityGlobals) = postSolution
		SolutionGuid = {BE53D61E-9C88-474C-B598-48DD56C7D099}
	EndGlobalSection
EndGlobal
